[[package]]
name = "pypdf"
version = "3.16.4"
description = "A pure-python PDF library capable of splitting, merging, cropping, and transforming PDF files"
category = "main"
optional = false
python-versions = ">=3.6"

[package.dependencies]
typing_extensions = {version = ">=3.7.4.3", markers = "python_version < \"3.10\""}

[package.extras]
crypto = ["PyCryptodome", "cryptography"]
dev = ["black", "flit", "pip-tools", "pre-commit (<2.18.0)", "pytest-cov", "pytest-socket", "pytest-timeout", "wheel"]
docs = ["myst_parser", "sphinx", "sphinx_rtd_theme"]
full = ["Pillow (>=8.0.0)", "PyCryptodome", "cryptography"]
image = ["Pillow (>=8.0.0)"]

[[package]]
name = "typing-extensions"
version = "4.8.0"
description = "Backported and Experimental Type Hints for Python 3.8+"
category = "main"
optional = false
python-versions = ">=3.8"

[metadata]
lock-version = "1.1"
python-versions = "^3.9"
content-hash = "c7bffab7ac43d359f66df783983dfcfaac5b4233b859cd17ddc351a73c32471d"

[metadata.files]
pypdf = [
    {file = "pypdf-3.16.4-py3-none-any.whl", hash = "sha256:a9b1eaf2db4c2edd93093470d33c3f353235c4a694f8a426a92a8ce77cea9eb7"},
    {file = "pypdf-3.16.4.tar.gz", hash = "sha256:01927771b562d4ba84939ef95b393f0179166da786c5db710d07f807c52f480d"},
]
typing-extensions = [
    {file = "typing_extensions-4.8.0-py3-none-any.whl", hash = "sha256:8f92fc8806f9a6b641eaa5318da32b44d401efaac0f6678c9bc448ba3605faa0"},
    {file = "typing_extensions-4.8.0.tar.gz", hash = "sha256:df8e4339e9cb77357558cbdbceca33c303714cf861d1eef15e1070055ae8b7ef"},
]
